// !$*UTF8*$!
{
	archiveVersion = 1;
	classes = {
	};
	objectVersion = 77;
	objects = {

/* Begin PBXBuildFile section */
		E17033BC2EB6180200EFF775 /* sound-click.mp3 in Resources */ = {isa = PBXBuildFile; fileRef = E17033B52EB6180200EFF775 /* sound-click.mp3 */; };
		E17033BD2EB6180200EFF775 /* sound-rise.mp3 in Resources */ = {isa = PBXBuildFile; fileRef = E17033B62EB6180200EFF775 /* sound-rise.mp3 */; };
		E17033BE2EB6180200EFF775 /* Assets.xcassets in Resources */ = {isa = PBXBuildFile; fileRef = E17033B82EB6180200EFF775 /* Assets.xcassets */; };
		E17033BF2EB6180200EFF775 /* ContentView.swift in Sources */ = {isa = PBXBuildFile; fileRef = E17033B92EB6180200EFF775 /* ContentView.swift */; };
		E17033C02EB6180200EFF775 /* HoneymoonApp.swift in Sources */ = {isa = PBXBuildFile; fileRef = E17033BA2EB6180200EFF775 /* HoneymoonApp.swift */; };
		E17033C22EB6191F00EFF775 /* LaunchScreen.storyboard in Resources */ = {isa = PBXBuildFile; fileRef = E17033C12EB6191F00EFF775 /* LaunchScreen.storyboard */; };
		E17033C52EB61B4A00EFF775 /* HoneymoonModel.swift in Sources */ = {isa = PBXBuildFile; fileRef = E17033C42EB61B4A00EFF775 /* HoneymoonModel.swift */; };
		E17033C82EB61B9900EFF775 /* HoneymoonData.swift in Sources */ = {isa = PBXBuildFile; fileRef = E17033C72EB61B9900EFF775 /* HoneymoonData.swift */; };
		E17033CB2EB61BF200EFF775 /* CardView.swift in Sources */ = {isa = PBXBuildFile; fileRef = E17033CA2EB61BF200EFF775 /* CardView.swift */; };
		E17033CD2EB61E8900EFF775 /* HeaderView.swift in Sources */ = {isa = PBXBuildFile; fileRef = E17033CC2EB61E8900EFF775 /* HeaderView.swift */; };
		E17033CF2EB6211600EFF775 /* FooterView.swift in Sources */ = {isa = PBXBuildFile; fileRef = E17033CE2EB6211600EFF775 /* FooterView.swift */; };
		E17033D22EB6226500EFF775 /* HeaderComponent.swift in Sources */ = {isa = PBXBuildFile; fileRef = E17033D12EB6226500EFF775 /* HeaderComponent.swift */; };
		E17033D42EB622E200EFF775 /* GuideComponent.swift in Sources */ = {isa = PBXBuildFile; fileRef = E17033D32EB622E200EFF775 /* GuideComponent.swift */; };
		E17033D62EB625B200EFF775 /* GuideView.swift in Sources */ = {isa = PBXBuildFile; fileRef = E17033D52EB625B200EFF775 /* GuideView.swift */; };
		E17033D82EB6308D00EFF775 /* InfoView.swift in Sources */ = {isa = PBXBuildFile; fileRef = E17033D72EB6308D00EFF775 /* InfoView.swift */; };
		E17033DA2EB630F900EFF775 /* TitleModifier.swift in Sources */ = {isa = PBXBuildFile; fileRef = E17033D92EB630F900EFF775 /* TitleModifier.swift */; };
		E17033DD2EB6320600EFF775 /* ButtonModifier.swift in Sources */ = {isa = PBXBuildFile; fileRef = E17033DC2EB6320600EFF775 /* ButtonModifier.swift */; };
		E17033DF2EB64F6400EFF775 /* SymbolModifier.swift in Sources */ = {isa = PBXBuildFile; fileRef = E17033DE2EB64F6400EFF775 /* SymbolModifier.swift */; };
		E17033E22EB655CB00EFF775 /* CardTransition.swift in Sources */ = {isa = PBXBuildFile; fileRef = E17033E12EB655CB00EFF775 /* CardTransition.swift */; };
/* End PBXBuildFile section */

/* Begin PBXFileReference section */
		E170339C2EB6165700EFF775 /* Honeymoon.app */ = {isa = PBXFileReference; explicitFileType = wrapper.application; includeInIndex = 0; path = Honeymoon.app; sourceTree = BUILT_PRODUCTS_DIR; };
		E17033B52EB6180200EFF775 /* sound-click.mp3 */ = {isa = PBXFileReference; lastKnownFileType = audio.mp3; path = "sound-click.mp3"; sourceTree = "<group>"; };
		E17033B62EB6180200EFF775 /* sound-rise.mp3 */ = {isa = PBXFileReference; lastKnownFileType = audio.mp3; path = "sound-rise.mp3"; sourceTree = "<group>"; };
		E17033B82EB6180200EFF775 /* Assets.xcassets */ = {isa = PBXFileReference; lastKnownFileType = folder.assetcatalog; path = Assets.xcassets; sourceTree = "<group>"; };
		E17033B92EB6180200EFF775 /* ContentView.swift */ = {isa = PBXFileReference; lastKnownFileType = sourcecode.swift; path = ContentView.swift; sourceTree = "<group>"; };
		E17033BA2EB6180200EFF775 /* HoneymoonApp.swift */ = {isa = PBXFileReference; lastKnownFileType = sourcecode.swift; path = HoneymoonApp.swift; sourceTree = "<group>"; };
		E17033C12EB6191F00EFF775 /* LaunchScreen.storyboard */ = {isa = PBXFileReference; lastKnownFileType = file.storyboard; path = LaunchScreen.storyboard; sourceTree = "<group>"; };
		E17033C42EB61B4A00EFF775 /* HoneymoonModel.swift */ = {isa = PBXFileReference; lastKnownFileType = sourcecode.swift; path = HoneymoonModel.swift; sourceTree = "<group>"; };
		E17033C72EB61B9900EFF775 /* HoneymoonData.swift */ = {isa = PBXFileReference; lastKnownFileType = sourcecode.swift; path = HoneymoonData.swift; sourceTree = "<group>"; };
		E17033CA2EB61BF200EFF775 /* CardView.swift */ = {isa = PBXFileReference; lastKnownFileType = sourcecode.swift; path = CardView.swift; sourceTree = "<group>"; };
		E17033CC2EB61E8900EFF775 /* HeaderView.swift */ = {isa = PBXFileReference; lastKnownFileType = sourcecode.swift; path = HeaderView.swift; sourceTree = "<group>"; };
		E17033CE2EB6211600EFF775 /* FooterView.swift */ = {isa = PBXFileReference; lastKnownFileType = sourcecode.swift; path = FooterView.swift; sourceTree = "<group>"; };
		E17033D12EB6226500EFF775 /* HeaderComponent.swift */ = {isa = PBXFileReference; lastKnownFileType = sourcecode.swift; path = HeaderComponent.swift; sourceTree = "<group>"; };
		E17033D32EB622E200EFF775 /* GuideComponent.swift */ = {isa = PBXFileReference; lastKnownFileType = sourcecode.swift; path = GuideComponent.swift; sourceTree = "<group>"; };
		E17033D52EB625B200EFF775 /* GuideView.swift */ = {isa = PBXFileReference; lastKnownFileType = sourcecode.swift; path = GuideView.swift; sourceTree = "<group>"; };
		E17033D72EB6308D00EFF775 /* InfoView.swift */ = {isa = PBXFileReference; lastKnownFileType = sourcecode.swift; path = InfoView.swift; sourceTree = "<group>"; };
		E17033D92EB630F900EFF775 /* TitleModifier.swift */ = {isa = PBXFileReference; lastKnownFileType = sourcecode.swift; path = TitleModifier.swift; sourceTree = "<group>"; };
		E17033DC2EB6320600EFF775 /* ButtonModifier.swift */ = {isa = PBXFileReference; lastKnownFileType = sourcecode.swift; path = ButtonModifier.swift; sourceTree = "<group>"; };
		E17033DE2EB64F6400EFF775 /* SymbolModifier.swift */ = {isa = PBXFileReference; lastKnownFileType = sourcecode.swift; path = SymbolModifier.swift; sourceTree = "<group>"; };
		E17033E12EB655CB00EFF775 /* CardTransition.swift */ = {isa = PBXFileReference; lastKnownFileType = sourcecode.swift; path = CardTransition.swift; sourceTree = "<group>"; };
/* End PBXFileReference section */

/* Begin PBXFrameworksBuildPhase section */
		E17033992EB6165700EFF775 /* Frameworks */ = {
			isa = PBXFrameworksBuildPhase;
			buildActionMask = 2147483647;
			files = (
			);
			runOnlyForDeploymentPostprocessing = 0;
		};
/* End PBXFrameworksBuildPhase section */

/* Begin PBXGroup section */
		E17033932EB6165700EFF775 = {
			isa = PBXGroup;
			children = (
				E17033BB2EB6180200EFF775 /* Honeymoon */,
				E170339D2EB6165700EFF775 /* Products */,
			);
			sourceTree = "<group>";
		};
		E170339D2EB6165700EFF775 /* Products */ = {
			isa = PBXGroup;
			children = (
				E170339C2EB6165700EFF775 /* Honeymoon.app */,
			);
			name = Products;
			sourceTree = "<group>";
		};
		E17033B72EB6180200EFF775 /* Sounds */ = {
			isa = PBXGroup;
			children = (
				E17033B52EB6180200EFF775 /* sound-click.mp3 */,
				E17033B62EB6180200EFF775 /* sound-rise.mp3 */,
			);
			path = Sounds;
			sourceTree = "<group>";
		};
		E17033BB2EB6180200EFF775 /* Honeymoon */ = {
			isa = PBXGroup;
			children = (
				E17033E02EB655BA00EFF775 /* Extensions */,
				E17033D02EB6225600EFF775 /* Components */,
				E17033C32EB61B3800EFF775 /* Views */,
				E17033B72EB6180200EFF775 /* Sounds */,
				E17033B82EB6180200EFF775 /* Assets.xcassets */,
				E17033BA2EB6180200EFF775 /* HoneymoonApp.swift */,
				E17033C12EB6191F00EFF775 /* LaunchScreen.storyboard */,
				E17033C62EB61B5100EFF775 /* Models */,
				E17033C92EB61B9D00EFF775 /* Data */,
				E17033DB2EB6313000EFF775 /* Modifiers */,
			);
			path = Honeymoon;
			sourceTree = "<group>";
		};
		E17033C32EB61B3800EFF775 /* Views */ = {
			isa = PBXGroup;
			children = (
				E17033B92EB6180200EFF775 /* ContentView.swift */,
				E17033CA2EB61BF200EFF775 /* CardView.swift */,
				E17033CC2EB61E8900EFF775 /* HeaderView.swift */,
				E17033CE2EB6211600EFF775 /* FooterView.swift */,
				E17033D52EB625B200EFF775 /* GuideView.swift */,
				E17033D72EB6308D00EFF775 /* InfoView.swift */,
			);
			path = Views;
			sourceTree = "<group>";
		};
		E17033C62EB61B5100EFF775 /* Models */ = {
			isa = PBXGroup;
			children = (
				E17033C42EB61B4A00EFF775 /* HoneymoonModel.swift */,
			);
			path = Models;
			sourceTree = "<group>";
		};
		E17033C92EB61B9D00EFF775 /* Data */ = {
			isa = PBXGroup;
			children = (
				E17033C72EB61B9900EFF775 /* HoneymoonData.swift */,
			);
			path = Data;
			sourceTree = "<group>";
		};
		E17033D02EB6225600EFF775 /* Components */ = {
			isa = PBXGroup;
			children = (
				E17033D12EB6226500EFF775 /* HeaderComponent.swift */,
				E17033D32EB622E200EFF775 /* GuideComponent.swift */,
			);
			path = Components;
			sourceTree = "<group>";
		};
		E17033DB2EB6313000EFF775 /* Modifiers */ = {
			isa = PBXGroup;
			children = (
				E17033D92EB630F900EFF775 /* TitleModifier.swift */,
				E17033DC2EB6320600EFF775 /* ButtonModifier.swift */,
				E17033DE2EB64F6400EFF775 /* SymbolModifier.swift */,
			);
			path = Modifiers;
			sourceTree = "<group>";
		};
		E17033E02EB655BA00EFF775 /* Extensions */ = {
			isa = PBXGroup;
			children = (
				E17033E12EB655CB00EFF775 /* CardTransition.swift */,
			);
			path = Extensions;
			sourceTree = "<group>";
		};
/* End PBXGroup section */

/* Begin PBXNativeTarget section */
		E170339B2EB6165700EFF775 /* Honeymoon */ = {
			isa = PBXNativeTarget;
			buildConfigurationList = E17033A72EB6165800EFF775 /* Build configuration list for PBXNativeTarget "Honeymoon" */;
			buildPhases = (
				E17033982EB6165700EFF775 /* Sources */,
				E17033992EB6165700EFF775 /* Frameworks */,
				E170339A2EB6165700EFF775 /* Resources */,
			);
			buildRules = (
			);
			dependencies = (
			);
			name = Honeymoon;
			packageProductDependencies = (
			);
			productName = Honeymoon;
			productReference = E170339C2EB6165700EFF775 /* Honeymoon.app */;
			productType = "com.apple.product-type.application";
		};
/* End PBXNativeTarget section */

/* Begin PBXProject section */
		E17033942EB6165700EFF775 /* Project object */ = {
			isa = PBXProject;
			attributes = {
				BuildIndependentTargetsInParallel = 1;
				LastSwiftUpdateCheck = 1640;
				LastUpgradeCheck = 1640;
				TargetAttributes = {
					E170339B2EB6165700EFF775 = {
						CreatedOnToolsVersion = 16.4;
					};
				};
			};
			buildConfigurationList = E17033972EB6165700EFF775 /* Build configuration list for PBXProject "Honeymoon" */;
			developmentRegion = en;
			hasScannedForEncodings = 0;
			knownRegions = (
				en,
				Base,
			);
			mainGroup = E17033932EB6165700EFF775;
			minimizedProjectReferenceProxies = 1;
			preferredProjectObjectVersion = 77;
			productRefGroup = E170339D2EB6165700EFF775 /* Products */;
			projectDirPath = "";
			projectRoot = "";
			targets = (
				E170339B2EB6165700EFF775 /* Honeymoon */,
			);
		};
/* End PBXProject section */

/* Begin PBXResourcesBuildPhase section */
		E170339A2EB6165700EFF775 /* Resources */ = {
			isa = PBXResourcesBuildPhase;
			buildActionMask = 2147483647;
			files = (
				E17033BC2EB6180200EFF775 /* sound-click.mp3 in Resources */,
				E17033C22EB6191F00EFF775 /* LaunchScreen.storyboard in Resources */,
				E17033BD2EB6180200EFF775 /* sound-rise.mp3 in Resources */,
				E17033BE2EB6180200EFF775 /* Assets.xcassets in Resources */,
			);
			runOnlyForDeploymentPostprocessing = 0;
		};
/* End PBXResourcesBuildPhase section */

/* Begin PBXSourcesBuildPhase section */
		E17033982EB6165700EFF775 /* Sources */ = {
			isa = PBXSourcesBuildPhase;
			buildActionMask = 2147483647;
			files = (
				E17033C82EB61B9900EFF775 /* HoneymoonData.swift in Sources */,
				E17033D82EB6308D00EFF775 /* InfoView.swift in Sources */,
				E17033CF2EB6211600EFF775 /* FooterView.swift in Sources */,
				E17033DA2EB630F900EFF775 /* TitleModifier.swift in Sources */,
				E17033E22EB655CB00EFF775 /* CardTransition.swift in Sources */,
				E17033DF2EB64F6400EFF775 /* SymbolModifier.swift in Sources */,
				E17033CD2EB61E8900EFF775 /* HeaderView.swift in Sources */,
				E17033C52EB61B4A00EFF775 /* HoneymoonModel.swift in Sources */,
				E17033DD2EB6320600EFF775 /* ButtonModifier.swift in Sources */,
				E17033D22EB6226500EFF775 /* HeaderComponent.swift in Sources */,
				E17033BF2EB6180200EFF775 /* ContentView.swift in Sources */,
				E17033C02EB6180200EFF775 /* HoneymoonApp.swift in Sources */,
				E17033CB2EB61BF200EFF775 /* CardView.swift in Sources */,
				E17033D42EB622E200EFF775 /* GuideComponent.swift in Sources */,
				E17033D62EB625B200EFF775 /* GuideView.swift in Sources */,
			);
			runOnlyForDeploymentPostprocessing = 0;
		};
/* End PBXSourcesBuildPhase section */

/* Begin XCBuildConfiguration section */
		E17033A52EB6165800EFF775 /* Debug */ = {
			isa = XCBuildConfiguration;
			buildSettings = {
				ALWAYS_SEARCH_USER_PATHS = NO;
				ASSETCATALOG_COMPILER_GENERATE_SWIFT_ASSET_SYMBOL_EXTENSIONS = YES;
				CLANG_ANALYZER_NONNULL = YES;
				CLANG_ANALYZER_NUMBER_OBJECT_CONVERSION = YES_AGGRESSIVE;
				CLANG_CXX_LANGUAGE_STANDARD = "gnu++20";
				CLANG_ENABLE_MODULES = YES;
				CLANG_ENABLE_OBJC_ARC = YES;
				CLANG_ENABLE_OBJC_WEAK = YES;
				CLANG_WARN_BLOCK_CAPTURE_AUTORELEASING = YES;
				CLANG_WARN_BOOL_CONVERSION = YES;
				CLANG_WARN_COMMA = YES;
				CLANG_WARN_CONSTANT_CONVERSION = YES;
				CLANG_WARN_DEPRECATED_OBJC_IMPLEMENTATIONS = YES;
				CLANG_WARN_DIRECT_OBJC_ISA_USAGE = YES_ERROR;
				CLANG_WARN_DOCUMENTATION_COMMENTS = YES;
				CLANG_WARN_EMPTY_BODY = YES;
				CLANG_WARN_ENUM_CONVERSION = YES;
				CLANG_WARN_INFINITE_RECURSION = YES;
				CLANG_WARN_INT_CONVERSION = YES;
				CLANG_WARN_NON_LITERAL_NULL_CONVERSION = YES;
				CLANG_WARN_OBJC_IMPLICIT_RETAIN_SELF = YES;
				CLANG_WARN_OBJC_LITERAL_CONVERSION = YES;
				CLANG_WARN_OBJC_ROOT_CLASS = YES_ERROR;
				CLANG_WARN_QUOTED_INCLUDE_IN_FRAMEWORK_HEADER = YES;
				CLANG_WARN_RANGE_LOOP_ANALYSIS = YES;
				CLANG_WARN_STRICT_PROTOTYPES = YES;
				CLANG_WARN_SUSPICIOUS_MOVE = YES;
				CLANG_WARN_UNGUARDED_AVAILABILITY = YES_AGGRESSIVE;
				CLANG_WARN_UNREACHABLE_CODE = YES;
				CLANG_WARN__DUPLICATE_METHOD_MATCH = YES;
				COPY_PHASE_STRIP = NO;
				DEBUG_INFORMATION_FORMAT = dwarf;
				DEVELOPMENT_TEAM = U3W7A494A6;
				ENABLE_STRICT_OBJC_MSGSEND = YES;
				ENABLE_TESTABILITY = YES;
				ENABLE_USER_SCRIPT_SANDBOXING = YES;
				GCC_C_LANGUAGE_STANDARD = gnu17;
				GCC_DYNAMIC_NO_PIC = NO;
				GCC_NO_COMMON_BLOCKS = YES;
				GCC_OPTIMIZATION_LEVEL = 0;
				GCC_PREPROCESSOR_DEFINITIONS = (
					"DEBUG=1",
					"$(inherited)",
				);
				GCC_WARN_64_TO_32_BIT_CONVERSION = YES;
				GCC_WARN_ABOUT_RETURN_TYPE = YES_ERROR;
				GCC_WARN_UNDECLARED_SELECTOR = YES;
				GCC_WARN_UNINITIALIZED_AUTOS = YES_AGGRESSIVE;
				GCC_WARN_UNUSED_FUNCTION = YES;
				GCC_WARN_UNUSED_VARIABLE = YES;
				IPHONEOS_DEPLOYMENT_TARGET = 18.5;
				LOCALIZATION_PREFERS_STRING_CATALOGS = YES;
				MTL_ENABLE_DEBUG_INFO = INCLUDE_SOURCE;
				MTL_FAST_MATH = YES;
				ONLY_ACTIVE_ARCH = YES;
				SDKROOT = iphoneos;
				SWIFT_ACTIVE_COMPILATION_CONDITIONS = "DEBUG $(inherited)";
				SWIFT_OPTIMIZATION_LEVEL = "-Onone";
			};
			name = Debug;
		};
		E17033A62EB6165800EFF775 /* Release */ = {
			isa = XCBuildConfiguration;
			buildSettings = {
				ALWAYS_SEARCH_USER_PATHS = NO;
				ASSETCATALOG_COMPILER_GENERATE_SWIFT_ASSET_SYMBOL_EXTENSIONS = YES;
				CLANG_ANALYZER_NONNULL = YES;
				CLANG_ANALYZER_NUMBER_OBJECT_CONVERSION = YES_AGGRESSIVE;
				CLANG_CXX_LANGUAGE_STANDARD = "gnu++20";
				CLANG_ENABLE_MODULES = YES;
				CLANG_ENABLE_OBJC_ARC = YES;
				CLANG_ENABLE_OBJC_WEAK = YES;
				CLANG_WARN_BLOCK_CAPTURE_AUTORELEASING = YES;
				CLANG_WARN_BOOL_CONVERSION = YES;
				CLANG_WARN_COMMA = YES;
				CLANG_WARN_CONSTANT_CONVERSION = YES;
				CLANG_WARN_DEPRECATED_OBJC_IMPLEMENTATIONS = YES;
				CLANG_WARN_DIRECT_OBJC_ISA_USAGE = YES_ERROR;
				CLANG_WARN_DOCUMENTATION_COMMENTS = YES;
				CLANG_WARN_EMPTY_BODY = YES;
				CLANG_WARN_ENUM_CONVERSION = YES;
				CLANG_WARN_INFINITE_RECURSION = YES;
				CLANG_WARN_INT_CONVERSION = YES;
				CLANG_WARN_NON_LITERAL_NULL_CONVERSION = YES;
				CLANG_WARN_OBJC_IMPLICIT_RETAIN_SELF = YES;
				CLANG_WARN_OBJC_LITERAL_CONVERSION = YES;
				CLANG_WARN_OBJC_ROOT_CLASS = YES_ERROR;
				CLANG_WARN_QUOTED_INCLUDE_IN_FRAMEWORK_HEADER = YES;
				CLANG_WARN_RANGE_LOOP_ANALYSIS = YES;
				CLANG_WARN_STRICT_PROTOTYPES = YES;
				CLANG_WARN_SUSPICIOUS_MOVE = YES;
				CLANG_WARN_UNGUARDED_AVAILABILITY = YES_AGGRESSIVE;
				CLANG_WARN_UNREACHABLE_CODE = YES;
				CLANG_WARN__DUPLICATE_METHOD_MATCH = YES;
				COPY_PHASE_STRIP = NO;
				DEBUG_INFORMATION_FORMAT = "dwarf-with-dsym";
				DEVELOPMENT_TEAM = U3W7A494A6;
				ENABLE_NS_ASSERTIONS = NO;
				ENABLE_STRICT_OBJC_MSGSEND = YES;
				ENABLE_USER_SCRIPT_SANDBOXING = YES;
				GCC_C_LANGUAGE_STANDARD = gnu17;
				GCC_NO_COMMON_BLOCKS = YES;
				GCC_WARN_64_TO_32_BIT_CONVERSION = YES;
				GCC_WARN_ABOUT_RETURN_TYPE = YES_ERROR;
				GCC_WARN_UNDECLARED_SELECTOR = YES;
				GCC_WARN_UNINITIALIZED_AUTOS = YES_AGGRESSIVE;
				GCC_WARN_UNUSED_FUNCTION = YES;
				GCC_WARN_UNUSED_VARIABLE = YES;
				IPHONEOS_DEPLOYMENT_TARGET = 18.5;
				LOCALIZATION_PREFERS_STRING_CATALOGS = YES;
				MTL_ENABLE_DEBUG_INFO = NO;
				MTL_FAST_MATH = YES;
				SDKROOT = iphoneos;
				SWIFT_COMPILATION_MODE = wholemodule;
				VALIDATE_PRODUCT = YES;
			};
			name = Release;
		};
		E17033A82EB6165800EFF775 /* Debug */ = {
			isa = XCBuildConfiguration;
			buildSettings = {
				ASSETCATALOG_COMPILER_APPICON_NAME = AppIcon;
				ASSETCATALOG_COMPILER_GLOBAL_ACCENT_COLOR_NAME = AccentColor;
				CODE_SIGN_STYLE = Automatic;
				CURRENT_PROJECT_VERSION = 1;
				DEVELOPMENT_TEAM = U3W7A494A6;
				ENABLE_PREVIEWS = YES;
				GENERATE_INFOPLIST_FILE = YES;
				INFOPLIST_KEY_UIApplicationSceneManifest_Generation = YES;
				INFOPLIST_KEY_UIApplicationSupportsIndirectInputEvents = YES;
				INFOPLIST_KEY_UILaunchScreen_Generation = YES;
				INFOPLIST_KEY_UILaunchStoryboardName = LaunchScreen;
				INFOPLIST_KEY_UISupportedInterfaceOrientations = UIInterfaceOrientationPortrait;
				LD_RUNPATH_SEARCH_PATHS = (
					"$(inherited)",
					"@executable_path/Frameworks",
				);
				MARKETING_VERSION = 1.0;
				PRODUCT_BUNDLE_IDENTIFIER = com.isacenco.Honeymoon;
				PRODUCT_NAME = "$(TARGET_NAME)";
				SWIFT_EMIT_LOC_STRINGS = YES;
				SWIFT_VERSION = 5.0;
				TARGETED_DEVICE_FAMILY = "1,2";
			};
			name = Debug;
		};
		E17033A92EB6165800EFF775 /* Release */ = {
			isa = XCBuildConfiguration;
			buildSettings = {
				ASSETCATALOG_COMPILER_APPICON_NAME = AppIcon;
				ASSETCATALOG_COMPILER_GLOBAL_ACCENT_COLOR_NAME = AccentColor;
				CODE_SIGN_STYLE = Automatic;
				CURRENT_PROJECT_VERSION = 1;
				DEVELOPMENT_TEAM = U3W7A494A6;
				ENABLE_PREVIEWS = YES;
				GENERATE_INFOPLIST_FILE = YES;
				INFOPLIST_KEY_UIApplicationSceneManifest_Generation = YES;
				INFOPLIST_KEY_UIApplicationSupportsIndirectInputEvents = YES;
				INFOPLIST_KEY_UILaunchScreen_Generation = YES;
				INFOPLIST_KEY_UILaunchStoryboardName = LaunchScreen;
				INFOPLIST_KEY_UISupportedInterfaceOrientations = UIInterfaceOrientationPortrait;
				LD_RUNPATH_SEARCH_PATHS = (
					"$(inherited)",
					"@executable_path/Frameworks",
				);
				MARKETING_VERSION = 1.0;
				PRODUCT_BUNDLE_IDENTIFIER = com.isacenco.Honeymoon;
				PRODUCT_NAME = "$(TARGET_NAME)";
				SWIFT_EMIT_LOC_STRINGS = YES;
				SWIFT_VERSION = 5.0;
				TARGETED_DEVICE_FAMILY = "1,2";
			};
			name = Release;
		};
/* End XCBuildConfiguration section */

/* Begin XCConfigurationList section */
		E17033972EB6165700EFF775 /* Build configuration list for PBXProject "Honeymoon" */ = {
			isa = XCConfigurationList;
			buildConfigurations = (
				E17033A52EB6165800EFF775 /* Debug */,
				E17033A62EB6165800EFF775 /* Release */,
			);
			defaultConfigurationIsVisible = 0;
			defaultConfigurationName = Release;
		};
		E17033A72EB6165800EFF775 /* Build configuration list for PBXNativeTarget "Honeymoon" */ = {
			isa = XCConfigurationList;
			buildConfigurations = (
				E17033A82EB6165800EFF775 /* Debug */,
				E17033A92EB6165800EFF775 /* Release */,
			);
			defaultConfigurationIsVisible = 0;
			defaultConfigurationName = Release;
		};
/* End XCConfigurationList section */
	};
	rootObject = E17033942EB6165700EFF775 /* Project object */;
}
